{
  "lockfile_version": "1",
  "packages": {
    "docker@latest": {
      "last_modified": "2025-01-31T04:26:24Z",
      "resolved": "github:NixOS/nixpkgs/9189ac18287c599860e878e905da550aa6dec1cd#docker",
      "source": "devbox-search",
      "version": "27.5.1",
      "systems": {
        "aarch64-darwin": {
          "outputs": [
            {
              "name": "out",
              "path": "/nix/store/11c4wdv8m1pxrg6ymd5pwq6zw326wskk-docker-27.5.1",
              "default": true
            }
          ],
          "store_path": "/nix/store/11c4wdv8m1pxrg6ymd5pwq6zw326wskk-docker-27.5.1"
        },
        "aarch64-linux": {
          "outputs": [
            {
              "name": "out",
              "path": "/nix/store/mkbcmf8kfkkh977x7lj369j7c9lsfgvv-docker-27.5.1",
              "default": true
            }
          ],
          "store_path": "/nix/store/mkbcmf8kfkkh977x7lj369j7c9lsfgvv-docker-27.5.1"
        },
        "x86_64-darwin": {
          "outputs": [
            {
              "name": "out",
              "path": "/nix/store/jdpzzccq8a9rajiqgjz58snjvbpg784m-docker-27.5.1",
              "default": true
            }
          ],
          "store_path": "/nix/store/jdpzzccq8a9rajiqgjz58snjvbpg784m-docker-27.5.1"
        },
        "x86_64-linux": {
          "outputs": [
            {
              "name": "out",
              "path": "/nix/store/jnzrrks201f2abb205zs0n5dddj7az9r-docker-27.5.1",
              "default": true
            }
          ],
          "store_path": "/nix/store/jnzrrks201f2abb205zs0n5dddj7az9r-docker-27.5.1"
        }
      }
    },
    "gnumake@latest": {
      "last_modified": "2025-02-01T15:12:02Z",
      "resolved": "github:NixOS/nixpkgs/102a39bfee444533e6b4e8611d7e92aa39b7bec1#gnumake",
      "source": "devbox-search",
      "version": "4.4.1",
      "systems": {
        "aarch64-darwin": {
          "outputs": [
            {
              "name": "out",
              "path": "/nix/store/lgwqlms7xmi8blp2859r44kjacr5zxh4-gnumake-4.4.1",
              "default": true
            },
            {
              "name": "man",
              "path": "/nix/store/dwxn1hp17lavlpxrgbd3pli3xrrlcwbf-gnumake-4.4.1-man",
              "default": true
            },
            {
              "name": "info",
              "path": "/nix/store/4mafcvbla79xbj2fz6i1minp5lzswxpd-gnumake-4.4.1-info"
            }
          ],
          "store_path": "/nix/store/lgwqlms7xmi8blp2859r44kjacr5zxh4-gnumake-4.4.1"
        },
        "aarch64-linux": {
          "outputs": [
            {
              "name": "out",
              "path": "/nix/store/zrsbdqh6l91d978fdavi7hvpmb2ihw99-gnumake-4.4.1",
              "default": true
            },
            {
              "name": "man",
              "path": "/nix/store/ax9cdx1w6jj511q0vlhh313qf3gmvg13-gnumake-4.4.1-man",
              "default": true
            },
            {
              "name": "debug",
              "path": "/nix/store/rvl823mgrpnd086jgi3v96vh12ghkcvd-gnumake-4.4.1-debug"
            },
            {
              "name": "info",
              "path": "/nix/store/spf1ilhshgxpwqaybd4wbb302al98ws4-gnumake-4.4.1-info"
            }
          ],
          "store_path": "/nix/store/zrsbdqh6l91d978fdavi7hvpmb2ihw99-gnumake-4.4.1"
        },
        "x86_64-darwin": {
          "outputs": [
            {
              "name": "out",
              "path": "/nix/store/85rlha3lfj2l14c9d0fz3k0crvps3baw-gnumake-4.4.1",
              "default": true
            },
            {
              "name": "man",
              "path": "/nix/store/y99mf9qv9kbbxcwb9l187h3y4khhmjyc-gnumake-4.4.1-man",
              "default": true
            },
            {
              "name": "info",
              "path": "/nix/store/rjyq24zm3l6q0s6pv2c1aapx7mbfaz50-gnumake-4.4.1-info"
            }
          ],
          "store_path": "/nix/store/85rlha3lfj2l14c9d0fz3k0crvps3baw-gnumake-4.4.1"
        },
        "x86_64-linux": {
          "outputs": [
            {
              "name": "out",
              "path": "/nix/store/lsy9s0skv65xhprr9yhmig2c844qgi5f-gnumake-4.4.1",
              "default": true
            },
            {
              "name": "man",
              "path": "/nix/store/ndg9b34ayibwwf7z0i2vajgh3kxyk43r-gnumake-4.4.1-man",
              "default": true
            },
            {
              "name": "debug",
              "path": "/nix/store/70idd90xklk1iah6c3xyb1kgrc86hj42-gnumake-4.4.1-debug"
            },
            {
              "name": "info",
              "path": "/nix/store/jxg6sn1ang81pyp3l66i8c0gncnkdhdh-gnumake-4.4.1-info"
            }
          ],
          "store_path": "/nix/store/lsy9s0skv65xhprr9yhmig2c844qgi5f-gnumake-4.4.1"
        }
      }
    },
    "kind@latest": {
      "last_modified": "2025-01-19T08:16:51Z",
      "resolved": "github:NixOS/nixpkgs/50165c4f7eb48ce82bd063e1fb8047a0f515f8ce#kind",
      "source": "devbox-search",
      "version": "0.26.0",
      "systems": {
        "aarch64-darwin": {
          "outputs": [
            {
              "name": "out",
              "path": "/nix/store/4j12j5zijvbcyafx85a2qh8jkv4m6lnz-kind-0.26.0",
              "default": true
            }
          ],
          "store_path": "/nix/store/4j12j5zijvbcyafx85a2qh8jkv4m6lnz-kind-0.26.0"
        },
        "aarch64-linux": {
          "outputs": [
            {
              "name": "out",
              "path": "/nix/store/gkpan5sh4kmbxknrf79p9ssd1j024ydb-kind-0.26.0",
              "default": true
            }
          ],
          "store_path": "/nix/store/gkpan5sh4kmbxknrf79p9ssd1j024ydb-kind-0.26.0"
        },
        "x86_64-darwin": {
          "outputs": [
            {
              "name": "out",
              "path": "/nix/store/2vsw8jyi2n4sm74sk1kbff6hq5v8nz6i-kind-0.26.0",
              "default": true
            }
          ],
          "store_path": "/nix/store/2vsw8jyi2n4sm74sk1kbff6hq5v8nz6i-kind-0.26.0"
        },
        "x86_64-linux": {
          "outputs": [
            {
              "name": "out",
              "path": "/nix/store/hp80rb9dpsk2wj5db2zngh5b8hrgwy4k-kind-0.26.0",
              "default": true
            }
          ],
          "store_path": "/nix/store/hp80rb9dpsk2wj5db2zngh5b8hrgwy4k-kind-0.26.0"
        }
      }
    },
    "kubectl@latest": {
      "last_modified": "2025-02-07T11:26:36Z",
      "resolved": "github:NixOS/nixpkgs/d98abf5cf5914e5e4e9d57205e3af55ca90ffc1d#kubectl",
      "source": "devbox-search",
      "version": "1.32.1",
      "systems": {
        "aarch64-darwin": {
          "outputs": [
            {
              "name": "out",
              "path": "/nix/store/18441nqn0dahiwn1rvwilqvrqwqvvknz-kubectl-1.32.1",
              "default": true
            },
            {
              "name": "man",
              "path": "/nix/store/7aqhrqy27487ph8gcqwl92lpn48zczlm-kubectl-1.32.1-man",
              "default": true
            },
            {
              "name": "convert",
              "path": "/nix/store/4ahm5rn4f326izlh8nh6zfcf066r0jp9-kubectl-1.32.1-convert"
            }
          ],
          "store_path": "/nix/store/18441nqn0dahiwn1rvwilqvrqwqvvknz-kubectl-1.32.1"
        },
        "aarch64-linux": {
          "outputs": [
            {
              "name": "out",
              "path": "/nix/store/jylypnz6nddbqf85glbyhpmjsbgmlayj-kubectl-1.32.1",
              "default": true
            },
            {
              "name": "man",
              "path": "/nix/store/0f95qz0ynbilx8h0z350in0d8kc9aj1m-kubectl-1.32.1-man",
              "default": true
            },
            {
              "name": "convert",
              "path": "/nix/store/y9kx67c1h6sjr3l4vp7j200v640h32kr-kubectl-1.32.1-convert"
            }
          ],
          "store_path": "/nix/store/jylypnz6nddbqf85glbyhpmjsbgmlayj-kubectl-1.32.1"
        },
        "x86_64-darwin": {
          "outputs": [
            {
              "name": "out",
              "path": "/nix/store/c4ha370mr37kzmr5d3k3x2f7ln51r9fz-kubectl-1.32.1",
              "default": true
            },
            {
              "name": "man",
              "path": "/nix/store/5p29mlkb5ywfn2znwb3pxbyr187585yy-kubectl-1.32.1-man",
              "default": true
            },
            {
              "name": "convert",
              "path": "/nix/store/83qij5g1wkrrwzjn1cwnkd342ifzw97x-kubectl-1.32.1-convert"
            }
          ],
          "store_path": "/nix/store/c4ha370mr37kzmr5d3k3x2f7ln51r9fz-kubectl-1.32.1"
        },
        "x86_64-linux": {
          "outputs": [
            {
              "name": "out",
              "path": "/nix/store/zph6v36yrnyixil25mnysr82i933kx6i-kubectl-1.32.1",
              "default": true
            },
            {
              "name": "man",
              "path": "/nix/store/q843mipr11308vvvp7465yc7y4k5mg06-kubectl-1.32.1-man",
              "default": true
            },
            {
              "name": "convert",
              "path": "/nix/store/y3l02a82n3zzzdipccb1xpdw3yz68cb0-kubectl-1.32.1-convert"
            }
          ],
          "store_path": "/nix/store/zph6v36yrnyixil25mnysr82i933kx6i-kubectl-1.32.1"
        }
      }
    },
    "skaffold@latest": {
      "last_modified": "2025-01-19T08:16:51Z",
      "resolved": "github:NixOS/nixpkgs/50165c4f7eb48ce82bd063e1fb8047a0f515f8ce#skaffold",
      "source": "devbox-search",
      "version": "2.13.2",
      "systems": {
        "aarch64-darwin": {
          "outputs": [
            {
              "name": "out",
              "path": "/nix/store/p9c4hy5r1hf3d2mhvn7j9kbywa863zsn-skaffold-2.13.2",
              "default": true
            }
          ],
          "store_path": "/nix/store/p9c4hy5r1hf3d2mhvn7j9kbywa863zsn-skaffold-2.13.2"
        },
        "aarch64-linux": {
          "outputs": [
            {
              "name": "out",
              "path": "/nix/store/bcr5v6r7ha67q6zmxdfigb8x9cxrilmi-skaffold-2.13.2",
              "default": true
            }
          ],
          "store_path": "/nix/store/bcr5v6r7ha67q6zmxdfigb8x9cxrilmi-skaffold-2.13.2"
        },
        "x86_64-darwin": {
          "outputs": [
            {
              "name": "out",
              "path": "/nix/store/97a7w62agd19raxsqlp7cjn7l3gad3jc-skaffold-2.13.2",
              "default": true
            }
          ],
          "store_path": "/nix/store/97a7w62agd19raxsqlp7cjn7l3gad3jc-skaffold-2.13.2"
        },
        "x86_64-linux": {
          "outputs": [
            {
              "name": "out",
              "path": "/nix/store/ir6r5hdrvbl2srji96bbjvcj7fryzpgh-skaffold-2.13.2",
              "default": true
            }
          ],
          "store_path": "/nix/store/ir6r5hdrvbl2srji96bbjvcj7fryzpgh-skaffold-2.13.2"
        }
      }
    }
  }
}
